%{
  "dialyxir": {:hex, :dialyxir, "0.5.1", "b331b091720fd93e878137add264bac4f644e1ddae07a70bf7062c7862c4b952", [:mix], [], "hexpm"},
  "earmark": {:hex, :earmark, "1.3.1", "73812f447f7a42358d3ba79283cfa3075a7580a3a2ed457616d6517ac3738cb9", [:mix], [], "hexpm"},
  "ex_doc": {:hex, :ex_doc, "0.19.2", "6f4081ccd9ed081b6dc0bd5af97a41e87f5554de469e7d76025fba535180565f", [:mix], [{:earmark, "~> 1.2", [hex: :earmark, repo: "hexpm", optional: false]}, {:makeup_elixir, "~> 0.10", [hex: :makeup_elixir, repo: "hexpm", optional: false]}], "hexpm"},
  "io_ansi_plus": {:hex, :io_ansi_plus, "0.1.21", "5a6a14d2ae41a6ae53ac0c794721d6aa5161e7156440fcee276c361f2ba29ea1", [:mix], [{:persist_config, "~> 0.1", [hex: :persist_config, repo: "hexpm", optional: false]}], "hexpm"},
  "makeup": {:hex, :makeup, "0.8.0", "9cf32aea71c7fe0a4b2e9246c2c4978f9070257e5c9ce6d4a28ec450a839b55f", [:mix], [{:nimble_parsec, "~> 0.5.0", [hex: :nimble_parsec, repo: "hexpm", optional: false]}], "hexpm"},
  "makeup_elixir": {:hex, :makeup_elixir, "0.13.0", "be7a477997dcac2e48a9d695ec730b2d22418292675c75aa2d34ba0909dcdeda", [:mix], [{:makeup, "~> 0.8", [hex: :makeup, repo: "hexpm", optional: false]}], "hexpm"},
  "map_sorter": {:hex, :map_sorter, "0.2.29", "15df5f31d33edb91b38f8ac7eb998e7c80244040d863a1579d54b1504682e6ab", [:mix], [{:persist_config, "~> 0.2", [hex: :persist_config, repo: "hexpm", optional: false]}], "hexpm"},
  "mix_tasks": {:git, "https://github.com/RaymondLoranger/mix_tasks.git", "2b06e7d27bdabd7096e8c17adef98ae143127ad6", []},
  "nimble_parsec": {:hex, :nimble_parsec, "0.5.0", "90e2eca3d0266e5c53f8fbe0079694740b9c91b6747f2b7e3c5d21966bba8300", [:mix], [], "hexpm"},
  "persist_config": {:hex, :persist_config, "0.2.14", "5c8ada945c4115a84d530699c1716981e391e611556e5b9711bf19c0bebfe090", [:mix], [], "hexpm"},
}
