%{
  "dialyxir": {:hex, :dialyxir, "1.3.0", "fd1672f0922b7648ff9ce7b1b26fcf0ef56dda964a459892ad15f6b4410b5284", [:mix], [{:erlex, ">= 0.2.6", [hex: :erlex, repo: "hexpm", optional: false]}], "hexpm", "00b2a4bcd6aa8db9dcb0b38c1225b7277dca9bc370b6438715667071a304696f"},
  "earmark_parser": {:hex, :earmark_parser, "1.4.32", "fa739a0ecfa34493de19426681b23f6814573faee95dfd4b4aafe15a7b5b32c6", [:mix], [], "hexpm", "b8b0dd77d60373e77a3d7e8afa598f325e49e8663a51bcc2b88ef41838cca755"},
  "erlex": {:hex, :erlex, "0.2.6", "c7987d15e899c7a2f34f5420d2a2ea0d659682c06ac607572df55a43753aa12e", [:mix], [], "hexpm", "2ed2e25711feb44d52b17d2780eabf998452f6efda104877a3881c2f8c0c0c75"},
  "ex_doc": {:hex, :ex_doc, "0.29.4", "6257ecbb20c7396b1fe5accd55b7b0d23f44b6aa18017b415cb4c2b91d997729", [:mix], [{:earmark_parser, "~> 1.4.31", [hex: :earmark_parser, repo: "hexpm", optional: false]}, {:makeup_elixir, "~> 0.14", [hex: :makeup_elixir, repo: "hexpm", optional: false]}, {:makeup_erlang, "~> 0.1", [hex: :makeup_erlang, repo: "hexpm", optional: false]}], "hexpm", "2c6699a737ae46cb61e4ed012af931b57b699643b24dabe2400a8168414bc4f5"},
  "file_only_logger": {:hex, :file_only_logger, "0.2.3", "e86bc9388131814293c5053f7ebac3fff1f1c8176bd6913bf256629c462c7fb2", [:mix], [{:logger_file_backend, "~> 0.0.9", [hex: :logger_file_backend, repo: "hexpm", optional: false]}, {:persist_config, "~> 0.4", [hex: :persist_config, repo: "hexpm", optional: false]}], "hexpm", "6b35611fb6ddcbe8aa2c6dee92f959ce004e07cde0e1a0e35e4572b560f578aa"},
  "io_ansi_plus": {:hex, :io_ansi_plus, "0.1.54", "4537fa8fa77c2ad61c32c5dc6453e0caf803eaf2e0a4d7f52d79d27cfcd3250f", [:mix], [{:persist_config, "~> 0.4", [hex: :persist_config, repo: "hexpm", optional: false]}], "hexpm", "32dd9d27be7a76a411b194f1a68561cde10549279f52c1406751463f1b17f5f4"},
  "log_reset": {:hex, :log_reset, "0.1.53", "a4735c26a8ec0eaeeab697e2c112f8d54bfc5b8f8b9ec3bbe605d45370f2c993", [:mix], [{:file_only_logger, "~> 0.2", [hex: :file_only_logger, repo: "hexpm", optional: false]}, {:persist_config, "~> 0.4", [hex: :persist_config, repo: "hexpm", optional: false]}], "hexpm", "f994fbc5142e1343d707c41b950e7f71200771b185f900802f6cb1cc023d6285"},
  "logger_file_backend": {:hex, :logger_file_backend, "0.0.13", "df07b14970e9ac1f57362985d76e6f24e3e1ab05c248055b7d223976881977c2", [:mix], [], "hexpm", "71a453a7e6e899ae4549fb147b1c6621f4233f8f48f58ca10a64ec67b6c50018"},
  "makeup": {:hex, :makeup, "1.1.0", "6b67c8bc2882a6b6a445859952a602afc1a41c2e08379ca057c0f525366fc3ca", [:mix], [{:nimble_parsec, "~> 1.2.2 or ~> 1.3", [hex: :nimble_parsec, repo: "hexpm", optional: false]}], "hexpm", "0a45ed501f4a8897f580eabf99a2e5234ea3e75a4373c8a52824f6e873be57a6"},
  "makeup_elixir": {:hex, :makeup_elixir, "0.16.1", "cc9e3ca312f1cfeccc572b37a09980287e243648108384b97ff2b76e505c3555", [:mix], [{:makeup, "~> 1.0", [hex: :makeup, repo: "hexpm", optional: false]}, {:nimble_parsec, "~> 1.2.3 or ~> 1.3", [hex: :nimble_parsec, repo: "hexpm", optional: false]}], "hexpm", "e127a341ad1b209bd80f7bd1620a15693a9908ed780c3b763bccf7d200c767c6"},
  "makeup_erlang": {:hex, :makeup_erlang, "0.1.1", "3fcb7f09eb9d98dc4d208f49cc955a34218fc41ff6b84df7c75b3e6e533cc65f", [:mix], [{:makeup, "~> 1.0", [hex: :makeup, repo: "hexpm", optional: false]}], "hexpm", "174d0809e98a4ef0b3309256cbf97101c6ec01c4ab0b23e926a9e17df2077cbb"},
  "map_sorter": {:hex, :map_sorter, "0.2.59", "62e4fc4c7f9d5475811732406c5eef445304a7e0f34d141b8ea96a13405a5411", [:mix], [{:file_only_logger, "~> 0.2", [hex: :file_only_logger, repo: "hexpm", optional: false]}, {:log_reset, "~> 0.1", [hex: :log_reset, repo: "hexpm", optional: false]}, {:persist_config, "~> 0.4", [hex: :persist_config, repo: "hexpm", optional: false]}], "hexpm", "208243245adc244105aa6bbe00f53dcf0c87499da4312348c817f18d80e97c8c"},
  "nimble_parsec": {:hex, :nimble_parsec, "1.3.1", "2c54013ecf170e249e9291ed0a62e5832f70a476c61da16f6aac6dca0189f2af", [:mix], [], "hexpm", "2682e3c0b2eb58d90c6375fc0cc30bc7be06f365bf72608804fb9cffa5e1b167"},
  "persist_config": {:hex, :persist_config, "0.4.21", "9c6923b8137349dc0f376db1dd719cb513552efab680f43f14a2ba5c06249212", [:mix], [], "hexpm", "b7c9413c72da7982c61022b938b470380827bcdbd5b5f1d87a26fdaad2bc5eb8"},
}
